// !$*UTF8*$!
{
	archiveVersion = 1;
	classes = {
	};
	objectVersion = 56;
	objects = {

/* Begin PBXBuildFile section */
		6920C9122A6251B20030BCC1 /* PostListViewModelTests.swift in Sources */ = {isa = PBXBuildFile; fileRef = 6920C9112A6251B20030BCC1 /* PostListViewModelTests.swift */; };
		6920C91D2A6261750030BCC1 /* wrong-json-contents.json in Resources */ = {isa = PBXBuildFile; fileRef = 69E2C4F72A57CEB300862210 /* wrong-json-contents.json */; };
		6920C91E2A6261780030BCC1 /* commentsMock.json in Resources */ = {isa = PBXBuildFile; fileRef = 69E2C4EF2A57CE4E00862210 /* commentsMock.json */; };
		6920C91F2A62617B0030BCC1 /* postsMock.json in Resources */ = {isa = PBXBuildFile; fileRef = 69E2C4F02A57CE4E00862210 /* postsMock.json */; };
		6920C9212A6264380030BCC1 /* CommentListViewModelTests.swift in Sources */ = {isa = PBXBuildFile; fileRef = 6920C9202A6264380030BCC1 /* CommentListViewModelTests.swift */; };
		6925DE6F2A578C77003A8739 /* CodingTestApp.swift in Sources */ = {isa = PBXBuildFile; fileRef = 6925DE6E2A578C77003A8739 /* CodingTestApp.swift */; };
		6925DE732A578C78003A8739 /* Assets.xcassets in Resources */ = {isa = PBXBuildFile; fileRef = 6925DE722A578C78003A8739 /* Assets.xcassets */; };
		6925DE762A578C78003A8739 /* Preview Assets.xcassets in Resources */ = {isa = PBXBuildFile; fileRef = 6925DE752A578C78003A8739 /* Preview Assets.xcassets */; };
		69291CAD2A62474500873A1B /* NetworkService.swift in Sources */ = {isa = PBXBuildFile; fileRef = 69291CAC2A62474500873A1B /* NetworkService.swift */; };
		69291CB02A62500D00873A1B /* MockedService.swift in Sources */ = {isa = PBXBuildFile; fileRef = 69291CAF2A62500D00873A1B /* MockedService.swift */; };
		699A896A2A58C1CE007761AA /* PostListView.swift in Sources */ = {isa = PBXBuildFile; fileRef = 699A89692A58C1CE007761AA /* PostListView.swift */; };
		699A896C2A58C1E8007761AA /* CommentListView.swift in Sources */ = {isa = PBXBuildFile; fileRef = 699A896B2A58C1E8007761AA /* CommentListView.swift */; };
		699A89702A58C26A007761AA /* HomeCoordinatorView.swift in Sources */ = {isa = PBXBuildFile; fileRef = 699A896F2A58C26A007761AA /* HomeCoordinatorView.swift */; };
		699A89722A58C390007761AA /* HomeCoordinator.swift in Sources */ = {isa = PBXBuildFile; fileRef = 699A89712A58C390007761AA /* HomeCoordinator.swift */; };
		699A89742A58C4A9007761AA /* PostListViewModel.swift in Sources */ = {isa = PBXBuildFile; fileRef = 699A89732A58C4A9007761AA /* PostListViewModel.swift */; };
		699A89762A58C4D4007761AA /* CommentListViewModel.swift in Sources */ = {isa = PBXBuildFile; fileRef = 699A89752A58C4D4007761AA /* CommentListViewModel.swift */; };
		699A89792A58EB04007761AA /* View+Navigation.swift in Sources */ = {isa = PBXBuildFile; fileRef = 699A89782A58EB04007761AA /* View+Navigation.swift */; };
		699A897E2A590608007761AA /* default-localization.json in Resources */ = {isa = PBXBuildFile; fileRef = 699A897D2A590608007761AA /* default-localization.json */; };
		699A89802A59071A007761AA /* LocalizationManager.swift in Sources */ = {isa = PBXBuildFile; fileRef = 699A897F2A59071A007761AA /* LocalizationManager.swift */; };
		699A89862A5907EB007761AA /* Localization.swift in Sources */ = {isa = PBXBuildFile; fileRef = 699A89852A5907EB007761AA /* Localization.swift */; };
		699A898A2A590F8A007761AA /* LocalizationManagerTests.swift in Sources */ = {isa = PBXBuildFile; fileRef = 699A89892A590F8A007761AA /* LocalizationManagerTests.swift */; };
		69E2C4BD2A5794F500862210 /* Bundle.swift in Sources */ = {isa = PBXBuildFile; fileRef = 69E2C4BC2A5794F500862210 /* Bundle.swift */; };
		69E2C4C32A57A7E500862210 /* Post.swift in Sources */ = {isa = PBXBuildFile; fileRef = 69E2C4C22A57A7E500862210 /* Post.swift */; };
		69E2C4C72A57A8A600862210 /* Comment.swift in Sources */ = {isa = PBXBuildFile; fileRef = 69E2C4C62A57A8A600862210 /* Comment.swift */; };
		69E2C4CD2A57AF4400862210 /* RequestType.swift in Sources */ = {isa = PBXBuildFile; fileRef = 69E2C4CC2A57AF4400862210 /* RequestType.swift */; };
		69E2C4D12A57AF6A00862210 /* RequestProtocol.swift in Sources */ = {isa = PBXBuildFile; fileRef = 69E2C4D02A57AF6A00862210 /* RequestProtocol.swift */; };
		69E2C4D52A57B35D00862210 /* NetworkError.swift in Sources */ = {isa = PBXBuildFile; fileRef = 69E2C4D42A57B35D00862210 /* NetworkError.swift */; };
		69E2C4DA2A57BB5F00862210 /* ApiManager.swift in Sources */ = {isa = PBXBuildFile; fileRef = 69E2C4D92A57BB5F00862210 /* ApiManager.swift */; };
		69E2C4DE2A57C46200862210 /* RequestManager.swift in Sources */ = {isa = PBXBuildFile; fileRef = 69E2C4DD2A57C46200862210 /* RequestManager.swift */; };
		69E2C4E22A57C74F00862210 /* DataParser.swift in Sources */ = {isa = PBXBuildFile; fileRef = 69E2C4E12A57C74F00862210 /* DataParser.swift */; };
		69E2C4E72A57CAF800862210 /* PostsRequest.swift in Sources */ = {isa = PBXBuildFile; fileRef = 69E2C4E62A57CAF800862210 /* PostsRequest.swift */; };
		69E2C4EB2A57CB0F00862210 /* CommentsRequest.swift in Sources */ = {isa = PBXBuildFile; fileRef = 69E2C4EA2A57CB0F00862210 /* CommentsRequest.swift */; };
		69E2C4F22A57CE4E00862210 /* commentsMock.json in Resources */ = {isa = PBXBuildFile; fileRef = 69E2C4EF2A57CE4E00862210 /* commentsMock.json */; };
		69E2C4F52A57CE4E00862210 /* postsMock.json in Resources */ = {isa = PBXBuildFile; fileRef = 69E2C4F02A57CE4E00862210 /* postsMock.json */; };
		69E2C4F92A57CEB300862210 /* wrong-json-contents.json in Resources */ = {isa = PBXBuildFile; fileRef = 69E2C4F72A57CEB300862210 /* wrong-json-contents.json */; };
		69E2C4FC2A57CF6A00862210 /* Utils.swift in Sources */ = {isa = PBXBuildFile; fileRef = 69E2C4FB2A57CF6A00862210 /* Utils.swift */; };
		69E2C5002A57D00800862210 /* UtilsTest.swift in Sources */ = {isa = PBXBuildFile; fileRef = 69E2C4FF2A57D00800862210 /* UtilsTest.swift */; };
		69E2C5022A57D16F00862210 /* DataParserTests.swift in Sources */ = {isa = PBXBuildFile; fileRef = 69E2C5012A57D16F00862210 /* DataParserTests.swift */; };
		69E2C5042A57D44300862210 /* ApiManagerTests.swift in Sources */ = {isa = PBXBuildFile; fileRef = 69E2C5032A57D44300862210 /* ApiManagerTests.swift */; };
		69E2C5062A57D75500862210 /* RequestManagerTests.swift in Sources */ = {isa = PBXBuildFile; fileRef = 69E2C5052A57D75500862210 /* RequestManagerTests.swift */; };
		69E2C5082A57D83700862210 /* MockApiManager.swift in Sources */ = {isa = PBXBuildFile; fileRef = 69E2C5072A57D83700862210 /* MockApiManager.swift */; };
		69E2C50A2A57D9B500862210 /* MockPostsRequest.swift in Sources */ = {isa = PBXBuildFile; fileRef = 69E2C5092A57D9B500862210 /* MockPostsRequest.swift */; };
		69E2C50C2A57D9C600862210 /* MockCommentsRequest.swift in Sources */ = {isa = PBXBuildFile; fileRef = 69E2C50B2A57D9C600862210 /* MockCommentsRequest.swift */; };
/* End PBXBuildFile section */

/* Begin PBXContainerItemProxy section */
		6925DE7C2A578C78003A8739 /* PBXContainerItemProxy */ = {
			isa = PBXContainerItemProxy;
			containerPortal = 6925DE632A578C77003A8739 /* Project object */;
			proxyType = 1;
			remoteGlobalIDString = 6925DE6A2A578C77003A8739;
			remoteInfo = "journey-code-test-ios";
		};
/* End PBXContainerItemProxy section */

/* Begin PBXFileReference section */
		6920C9112A6251B20030BCC1 /* PostListViewModelTests.swift */ = {isa = PBXFileReference; lastKnownFileType = sourcecode.swift; path = PostListViewModelTests.swift; sourceTree = "<group>"; };
		6920C9202A6264380030BCC1 /* CommentListViewModelTests.swift */ = {isa = PBXFileReference; lastKnownFileType = sourcecode.swift; path = CommentListViewModelTests.swift; sourceTree = "<group>"; };
		6925DE6B2A578C77003A8739 /* journey-code-test-ios.app */ = {isa = PBXFileReference; explicitFileType = wrapper.application; includeInIndex = 0; path = "journey-code-test-ios.app"; sourceTree = BUILT_PRODUCTS_DIR; };
		6925DE6E2A578C77003A8739 /* CodingTestApp.swift */ = {isa = PBXFileReference; lastKnownFileType = sourcecode.swift; path = CodingTestApp.swift; sourceTree = "<group>"; };
		6925DE722A578C78003A8739 /* Assets.xcassets */ = {isa = PBXFileReference; lastKnownFileType = folder.assetcatalog; path = Assets.xcassets; sourceTree = "<group>"; };
		6925DE752A578C78003A8739 /* Preview Assets.xcassets */ = {isa = PBXFileReference; lastKnownFileType = folder.assetcatalog; path = "Preview Assets.xcassets"; sourceTree = "<group>"; };
		6925DE7B2A578C78003A8739 /* journey-code-test-iosTests.xctest */ = {isa = PBXFileReference; explicitFileType = wrapper.cfbundle; includeInIndex = 0; path = "journey-code-test-iosTests.xctest"; sourceTree = BUILT_PRODUCTS_DIR; };
		69291CAC2A62474500873A1B /* NetworkService.swift */ = {isa = PBXFileReference; lastKnownFileType = sourcecode.swift; path = NetworkService.swift; sourceTree = "<group>"; };
		69291CAF2A62500D00873A1B /* MockedService.swift */ = {isa = PBXFileReference; lastKnownFileType = sourcecode.swift; path = MockedService.swift; sourceTree = "<group>"; };
		699A89692A58C1CE007761AA /* PostListView.swift */ = {isa = PBXFileReference; lastKnownFileType = sourcecode.swift; path = PostListView.swift; sourceTree = "<group>"; };
		699A896B2A58C1E8007761AA /* CommentListView.swift */ = {isa = PBXFileReference; lastKnownFileType = sourcecode.swift; path = CommentListView.swift; sourceTree = "<group>"; };
		699A896F2A58C26A007761AA /* HomeCoordinatorView.swift */ = {isa = PBXFileReference; lastKnownFileType = sourcecode.swift; path = HomeCoordinatorView.swift; sourceTree = "<group>"; };
		699A89712A58C390007761AA /* HomeCoordinator.swift */ = {isa = PBXFileReference; lastKnownFileType = sourcecode.swift; path = HomeCoordinator.swift; sourceTree = "<group>"; };
		699A89732A58C4A9007761AA /* PostListViewModel.swift */ = {isa = PBXFileReference; lastKnownFileType = sourcecode.swift; path = PostListViewModel.swift; sourceTree = "<group>"; };
		699A89752A58C4D4007761AA /* CommentListViewModel.swift */ = {isa = PBXFileReference; lastKnownFileType = sourcecode.swift; path = CommentListViewModel.swift; sourceTree = "<group>"; };
		699A89782A58EB04007761AA /* View+Navigation.swift */ = {isa = PBXFileReference; lastKnownFileType = sourcecode.swift; path = "View+Navigation.swift"; sourceTree = "<group>"; };
		699A897D2A590608007761AA /* default-localization.json */ = {isa = PBXFileReference; fileEncoding = 4; lastKnownFileType = text.json; path = "default-localization.json"; sourceTree = "<group>"; };
		699A897F2A59071A007761AA /* LocalizationManager.swift */ = {isa = PBXFileReference; lastKnownFileType = sourcecode.swift; path = LocalizationManager.swift; sourceTree = "<group>"; };
		699A89852A5907EB007761AA /* Localization.swift */ = {isa = PBXFileReference; lastKnownFileType = sourcecode.swift; path = Localization.swift; sourceTree = "<group>"; };
		699A89892A590F8A007761AA /* LocalizationManagerTests.swift */ = {isa = PBXFileReference; lastKnownFileType = sourcecode.swift; path = LocalizationManagerTests.swift; sourceTree = "<group>"; };
		69E2C4B82A57912100862210 /* Development.xcconfig */ = {isa = PBXFileReference; lastKnownFileType = text.xcconfig; path = Development.xcconfig; sourceTree = "<group>"; };
		69E2C4B92A57913200862210 /* Production.xcconfig */ = {isa = PBXFileReference; lastKnownFileType = text.xcconfig; path = Production.xcconfig; sourceTree = "<group>"; };
		69E2C4BB2A57937C00862210 /* Info.plist */ = {isa = PBXFileReference; lastKnownFileType = text.plist; path = Info.plist; sourceTree = "<group>"; };
		69E2C4BC2A5794F500862210 /* Bundle.swift */ = {isa = PBXFileReference; lastKnownFileType = sourcecode.swift; path = Bundle.swift; sourceTree = "<group>"; };
		69E2C4C22A57A7E500862210 /* Post.swift */ = {isa = PBXFileReference; lastKnownFileType = sourcecode.swift; path = Post.swift; sourceTree = "<group>"; };
		69E2C4C62A57A8A600862210 /* Comment.swift */ = {isa = PBXFileReference; lastKnownFileType = sourcecode.swift; path = Comment.swift; sourceTree = "<group>"; };
		69E2C4CC2A57AF4400862210 /* RequestType.swift */ = {isa = PBXFileReference; lastKnownFileType = sourcecode.swift; path = RequestType.swift; sourceTree = "<group>"; };
		69E2C4D02A57AF6A00862210 /* RequestProtocol.swift */ = {isa = PBXFileReference; lastKnownFileType = sourcecode.swift; path = RequestProtocol.swift; sourceTree = "<group>"; };
		69E2C4D42A57B35D00862210 /* NetworkError.swift */ = {isa = PBXFileReference; lastKnownFileType = sourcecode.swift; path = NetworkError.swift; sourceTree = "<group>"; };
		69E2C4D92A57BB5F00862210 /* ApiManager.swift */ = {isa = PBXFileReference; lastKnownFileType = sourcecode.swift; path = ApiManager.swift; sourceTree = "<group>"; };
		69E2C4DD2A57C46200862210 /* RequestManager.swift */ = {isa = PBXFileReference; lastKnownFileType = sourcecode.swift; path = RequestManager.swift; sourceTree = "<group>"; };
		69E2C4E12A57C74F00862210 /* DataParser.swift */ = {isa = PBXFileReference; lastKnownFileType = sourcecode.swift; path = DataParser.swift; sourceTree = "<group>"; };
		69E2C4E62A57CAF800862210 /* PostsRequest.swift */ = {isa = PBXFileReference; lastKnownFileType = sourcecode.swift; path = PostsRequest.swift; sourceTree = "<group>"; };
		69E2C4EA2A57CB0F00862210 /* CommentsRequest.swift */ = {isa = PBXFileReference; lastKnownFileType = sourcecode.swift; path = CommentsRequest.swift; sourceTree = "<group>"; };
		69E2C4EF2A57CE4E00862210 /* commentsMock.json */ = {isa = PBXFileReference; fileEncoding = 4; lastKnownFileType = text.json; path = commentsMock.json; sourceTree = "<group>"; };
		69E2C4F02A57CE4E00862210 /* postsMock.json */ = {isa = PBXFileReference; fileEncoding = 4; lastKnownFileType = text.json; path = postsMock.json; sourceTree = "<group>"; };
		69E2C4F72A57CEB300862210 /* wrong-json-contents.json */ = {isa = PBXFileReference; fileEncoding = 4; lastKnownFileType = text.json; path = "wrong-json-contents.json"; sourceTree = "<group>"; };
		69E2C4FB2A57CF6A00862210 /* Utils.swift */ = {isa = PBXFileReference; lastKnownFileType = sourcecode.swift; path = Utils.swift; sourceTree = "<group>"; };
		69E2C4FF2A57D00800862210 /* UtilsTest.swift */ = {isa = PBXFileReference; lastKnownFileType = sourcecode.swift; path = UtilsTest.swift; sourceTree = "<group>"; };
		69E2C5012A57D16F00862210 /* DataParserTests.swift */ = {isa = PBXFileReference; lastKnownFileType = sourcecode.swift; path = DataParserTests.swift; sourceTree = "<group>"; };
		69E2C5032A57D44300862210 /* ApiManagerTests.swift */ = {isa = PBXFileReference; lastKnownFileType = sourcecode.swift; path = ApiManagerTests.swift; sourceTree = "<group>"; };
		69E2C5052A57D75500862210 /* RequestManagerTests.swift */ = {isa = PBXFileReference; lastKnownFileType = sourcecode.swift; path = RequestManagerTests.swift; sourceTree = "<group>"; };
		69E2C5072A57D83700862210 /* MockApiManager.swift */ = {isa = PBXFileReference; lastKnownFileType = sourcecode.swift; path = MockApiManager.swift; sourceTree = "<group>"; };
		69E2C5092A57D9B500862210 /* MockPostsRequest.swift */ = {isa = PBXFileReference; lastKnownFileType = sourcecode.swift; path = MockPostsRequest.swift; sourceTree = "<group>"; };
		69E2C50B2A57D9C600862210 /* MockCommentsRequest.swift */ = {isa = PBXFileReference; lastKnownFileType = sourcecode.swift; path = MockCommentsRequest.swift; sourceTree = "<group>"; };
/* End PBXFileReference section */

/* Begin PBXFrameworksBuildPhase section */
		6925DE682A578C77003A8739 /* Frameworks */ = {
			isa = PBXFrameworksBuildPhase;
			buildActionMask = 2147483647;
			files = (
			);
			runOnlyForDeploymentPostprocessing = 0;
		};
		6925DE782A578C78003A8739 /* Frameworks */ = {
			isa = PBXFrameworksBuildPhase;
			buildActionMask = 2147483647;
			files = (
			);
			runOnlyForDeploymentPostprocessing = 0;
		};
/* End PBXFrameworksBuildPhase section */

/* Begin PBXGroup section */
		6925DE622A578C77003A8739 = {
			isa = PBXGroup;
			children = (
				69E2C4BA2A57913C00862210 /* Config */,
				6925DE6D2A578C77003A8739 /* coding-test-app */,
				6925DE7E2A578C78003A8739 /* coding-test-appTests */,
				6925DE6C2A578C77003A8739 /* Products */,
			);
			sourceTree = "<group>";
		};
		6925DE6C2A578C77003A8739 /* Products */ = {
			isa = PBXGroup;
			children = (
				6925DE6B2A578C77003A8739 /* journey-code-test-ios.app */,
				6925DE7B2A578C78003A8739 /* journey-code-test-iosTests.xctest */,
			);
			name = Products;
			sourceTree = "<group>";
		};
		6925DE6D2A578C77003A8739 /* coding-test-app */ = {
			isa = PBXGroup;
			children = (
				69E2C4BB2A57937C00862210 /* Info.plist */,
				6925DE6E2A578C77003A8739 /* CodingTestApp.swift */,
				699A89662A58BB63007761AA /* Scenes */,
				69E2C4CA2A57A97E00862210 /* Core */,
				6925DE722A578C78003A8739 /* Assets.xcassets */,
				6925DE742A578C78003A8739 /* Preview Content */,
			);
			path = "coding-test-app";
			sourceTree = "<group>";
		};
		6925DE742A578C78003A8739 /* Preview Content */ = {
			isa = PBXGroup;
			children = (
				6925DE752A578C78003A8739 /* Preview Assets.xcassets */,
			);
			path = "Preview Content";
			sourceTree = "<group>";
		};
		6925DE7E2A578C78003A8739 /* coding-test-appTests */ = {
			isa = PBXGroup;
			children = (
				69E2C4EE2A57CE1000862210 /* MockData */,
				69E2C4FF2A57D00800862210 /* UtilsTest.swift */,
				69E2C5012A57D16F00862210 /* DataParserTests.swift */,
				69E2C5032A57D44300862210 /* ApiManagerTests.swift */,
				69E2C5052A57D75500862210 /* RequestManagerTests.swift */,
				699A89892A590F8A007761AA /* LocalizationManagerTests.swift */,
				6920C9112A6251B20030BCC1 /* PostListViewModelTests.swift */,
				6920C9202A6264380030BCC1 /* CommentListViewModelTests.swift */,
			);
			path = "coding-test-appTests";
			sourceTree = "<group>";
		};
		695200BE2A62760900FFCA30 /* Services */ = {
			isa = PBXGroup;
			children = (
				69291CAC2A62474500873A1B /* NetworkService.swift */,
			);
			path = Services;
			sourceTree = "<group>";
		};
		6969DE152A60B01F00428C83 /* Utilitities */ = {
			isa = PBXGroup;
			children = (
				69E2C4FB2A57CF6A00862210 /* Utils.swift */,
			);
			path = Utilitities;
			sourceTree = "<group>";
		};
		699A89662A58BB63007761AA /* Scenes */ = {
			isa = PBXGroup;
			children = (
				699A896F2A58C26A007761AA /* HomeCoordinatorView.swift */,
				699A89712A58C390007761AA /* HomeCoordinator.swift */,
				699A896D2A58C200007761AA /* PostList */,
				699A896E2A58C218007761AA /* CommentList */,
				699A89772A58EAAC007761AA /* ViewModifiers */,
			);
			path = Scenes;
			sourceTree = "<group>";
		};
		699A896D2A58C200007761AA /* PostList */ = {
			isa = PBXGroup;
			children = (
				69E2C4C22A57A7E500862210 /* Post.swift */,
				699A89732A58C4A9007761AA /* PostListViewModel.swift */,
				699A89692A58C1CE007761AA /* PostListView.swift */,
			);
			path = PostList;
			sourceTree = "<group>";
		};
		699A896E2A58C218007761AA /* CommentList */ = {
			isa = PBXGroup;
			children = (
				69E2C4C62A57A8A600862210 /* Comment.swift */,
				699A89752A58C4D4007761AA /* CommentListViewModel.swift */,
				699A896B2A58C1E8007761AA /* CommentListView.swift */,
			);
			path = CommentList;
			sourceTree = "<group>";
		};
		699A89772A58EAAC007761AA /* ViewModifiers */ = {
			isa = PBXGroup;
			children = (
				699A89782A58EB04007761AA /* View+Navigation.swift */,
			);
			path = ViewModifiers;
			sourceTree = "<group>";
		};
		699A897C2A59043B007761AA /* Localisation */ = {
			isa = PBXGroup;
			children = (
				699A897D2A590608007761AA /* default-localization.json */,
				699A89852A5907EB007761AA /* Localization.swift */,
				699A897F2A59071A007761AA /* LocalizationManager.swift */,
			);
			path = Localisation;
			sourceTree = "<group>";
		};
		69E2C4BA2A57913C00862210 /* Config */ = {
			isa = PBXGroup;
			children = (
				69E2C4B82A57912100862210 /* Development.xcconfig */,
				69E2C4B92A57913200862210 /* Production.xcconfig */,
			);
			path = Config;
			sourceTree = "<group>";
		};
		69E2C4C02A57953500862210 /* Extensions */ = {
			isa = PBXGroup;
			children = (
				69E2C4BC2A5794F500862210 /* Bundle.swift */,
			);
			path = Extensions;
			sourceTree = "<group>";
		};
		69E2C4CA2A57A97E00862210 /* Core */ = {
			isa = PBXGroup;
			children = (
				699A897C2A59043B007761AA /* Localisation */,
				69E2C4CB2A57AEC000862210 /* Network */,
				69E2C4C02A57953500862210 /* Extensions */,
				6969DE152A60B01F00428C83 /* Utilitities */,
			);
			path = Core;
			sourceTree = "<group>";
		};
		69E2C4CB2A57AEC000862210 /* Network */ = {
			isa = PBXGroup;
			children = (
				69E2C4E52A57CAC900862210 /* Requests */,
				695200BE2A62760900FFCA30 /* Services */,
				69E2C4D82A57B81500862210 /* Base */,
			);
			path = Network;
			sourceTree = "<group>";
		};
		69E2C4D82A57B81500862210 /* Base */ = {
			isa = PBXGroup;
			children = (
				69E2C4D42A57B35D00862210 /* NetworkError.swift */,
				69E2C4CC2A57AF4400862210 /* RequestType.swift */,
				69E2C4D02A57AF6A00862210 /* RequestProtocol.swift */,
				69E2C4E12A57C74F00862210 /* DataParser.swift */,
				69E2C4D92A57BB5F00862210 /* ApiManager.swift */,
				69E2C4DD2A57C46200862210 /* RequestManager.swift */,
			);
			path = Base;
			sourceTree = "<group>";
		};
		69E2C4E52A57CAC900862210 /* Requests */ = {
			isa = PBXGroup;
			children = (
				69E2C4E62A57CAF800862210 /* PostsRequest.swift */,
				69E2C4EA2A57CB0F00862210 /* CommentsRequest.swift */,
			);
			path = Requests;
			sourceTree = "<group>";
		};
		69E2C4EE2A57CE1000862210 /* MockData */ = {
			isa = PBXGroup;
			children = (
				69E2C4F72A57CEB300862210 /* wrong-json-contents.json */,
				69E2C4EF2A57CE4E00862210 /* commentsMock.json */,
				69E2C4F02A57CE4E00862210 /* postsMock.json */,
				69E2C5072A57D83700862210 /* MockApiManager.swift */,
				69E2C5092A57D9B500862210 /* MockPostsRequest.swift */,
				69E2C50B2A57D9C600862210 /* MockCommentsRequest.swift */,
				69291CAF2A62500D00873A1B /* MockedService.swift */,
			);
			path = MockData;
			sourceTree = "<group>";
		};
/* End PBXGroup section */

/* Begin PBXNativeTarget section */
		6925DE6A2A578C77003A8739 /* journey-code-test-ios */ = {
			isa = PBXNativeTarget;
			buildConfigurationList = 6925DE8F2A578C78003A8739 /* Build configuration list for PBXNativeTarget "journey-code-test-ios" */;
			buildPhases = (
				6925DE672A578C77003A8739 /* Sources */,
				6925DE682A578C77003A8739 /* Frameworks */,
				6925DE692A578C77003A8739 /* Resources */,
			);
			buildRules = (
			);
			dependencies = (
			);
			name = "journey-code-test-ios";
			productName = "journey-code-test-ios";
			productReference = 6925DE6B2A578C77003A8739 /* journey-code-test-ios.app */;
			productType = "com.apple.product-type.application";
		};
		6925DE7A2A578C78003A8739 /* journey-code-test-iosTests */ = {
			isa = PBXNativeTarget;
			buildConfigurationList = 6925DE922A578C78003A8739 /* Build configuration list for PBXNativeTarget "journey-code-test-iosTests" */;
			buildPhases = (
				6925DE772A578C78003A8739 /* Sources */,
				6925DE782A578C78003A8739 /* Frameworks */,
				6925DE792A578C78003A8739 /* Resources */,
			);
			buildRules = (
			);
			dependencies = (
				6925DE7D2A578C78003A8739 /* PBXTargetDependency */,
			);
			name = "journey-code-test-iosTests";
			productName = "journey-code-test-iosTests";
			productReference = 6925DE7B2A578C78003A8739 /* journey-code-test-iosTests.xctest */;
			productType = "com.apple.product-type.bundle.unit-test";
		};
/* End PBXNativeTarget section */

/* Begin PBXProject section */
		6925DE632A578C77003A8739 /* Project object */ = {
			isa = PBXProject;
			attributes = {
				BuildIndependentTargetsInParallel = 1;
				LastSwiftUpdateCheck = 1430;
				LastUpgradeCheck = 1430;
				TargetAttributes = {
					6925DE6A2A578C77003A8739 = {
						CreatedOnToolsVersion = 14.3.1;
					};
					6925DE7A2A578C78003A8739 = {
						CreatedOnToolsVersion = 14.3.1;
						TestTargetID = 6925DE6A2A578C77003A8739;
					};
				};
			};
			buildConfigurationList = 6925DE662A578C77003A8739 /* Build configuration list for PBXProject "journey-code-test-ios" */;
			compatibilityVersion = "Xcode 14.0";
			developmentRegion = en;
			hasScannedForEncodings = 0;
			knownRegions = (
				en,
				Base,
			);
			mainGroup = 6925DE622A578C77003A8739;
			productRefGroup = 6925DE6C2A578C77003A8739 /* Products */;
			projectDirPath = "";
			projectRoot = "";
			targets = (
				6925DE6A2A578C77003A8739 /* journey-code-test-ios */,
				6925DE7A2A578C78003A8739 /* journey-code-test-iosTests */,
			);
		};
/* End PBXProject section */

/* Begin PBXResourcesBuildPhase section */
		6925DE692A578C77003A8739 /* Resources */ = {
			isa = PBXResourcesBuildPhase;
			buildActionMask = 2147483647;
			files = (
				6925DE762A578C78003A8739 /* Preview Assets.xcassets in Resources */,
				6925DE732A578C78003A8739 /* Assets.xcassets in Resources */,
				699A897E2A590608007761AA /* default-localization.json in Resources */,
				6920C91F2A62617B0030BCC1 /* postsMock.json in Resources */,
				6920C91D2A6261750030BCC1 /* wrong-json-contents.json in Resources */,
				6920C91E2A6261780030BCC1 /* commentsMock.json in Resources */,
			);
			runOnlyForDeploymentPostprocessing = 0;
		};
		6925DE792A578C78003A8739 /* Resources */ = {
			isa = PBXResourcesBuildPhase;
			buildActionMask = 2147483647;
			files = (
				69E2C4F92A57CEB300862210 /* wrong-json-contents.json in Resources */,
				69E2C4F22A57CE4E00862210 /* commentsMock.json in Resources */,
				69E2C4F52A57CE4E00862210 /* postsMock.json in Resources */,
			);
			runOnlyForDeploymentPostprocessing = 0;
		};
/* End PBXResourcesBuildPhase section */

/* Begin PBXSourcesBuildPhase section */
		6925DE672A578C77003A8739 /* Sources */ = {
			isa = PBXSourcesBuildPhase;
			buildActionMask = 2147483647;
			files = (
				699A89802A59071A007761AA /* LocalizationManager.swift in Sources */,
				69E2C4C72A57A8A600862210 /* Comment.swift in Sources */,
				69291CAD2A62474500873A1B /* NetworkService.swift in Sources */,
				69E2C4DA2A57BB5F00862210 /* ApiManager.swift in Sources */,
				699A89742A58C4A9007761AA /* PostListViewModel.swift in Sources */,
				69E2C4E22A57C74F00862210 /* DataParser.swift in Sources */,
				699A89722A58C390007761AA /* HomeCoordinator.swift in Sources */,
				69E2C4FC2A57CF6A00862210 /* Utils.swift in Sources */,
				699A89792A58EB04007761AA /* View+Navigation.swift in Sources */,
				699A896A2A58C1CE007761AA /* PostListView.swift in Sources */,
				69E2C4D52A57B35D00862210 /* NetworkError.swift in Sources */,
				69E2C4BD2A5794F500862210 /* Bundle.swift in Sources */,
				699A89762A58C4D4007761AA /* CommentListViewModel.swift in Sources */,
				699A89862A5907EB007761AA /* Localization.swift in Sources */,
				69E2C4DE2A57C46200862210 /* RequestManager.swift in Sources */,
				69E2C4E72A57CAF800862210 /* PostsRequest.swift in Sources */,
				699A896C2A58C1E8007761AA /* CommentListView.swift in Sources */,
				6925DE6F2A578C77003A8739 /* CodingTestApp.swift in Sources */,
				69E2C4EB2A57CB0F00862210 /* CommentsRequest.swift in Sources */,
				69E2C4C32A57A7E500862210 /* Post.swift in Sources */,
				69E2C4CD2A57AF4400862210 /* RequestType.swift in Sources */,
				699A89702A58C26A007761AA /* HomeCoordinatorView.swift in Sources */,
				69E2C4D12A57AF6A00862210 /* RequestProtocol.swift in Sources */,
			);
			runOnlyForDeploymentPostprocessing = 0;
		};
		6925DE772A578C78003A8739 /* Sources */ = {
			isa = PBXSourcesBuildPhase;
			buildActionMask = 2147483647;
			files = (
				6920C9212A6264380030BCC1 /* CommentListViewModelTests.swift in Sources */,
				699A898A2A590F8A007761AA /* LocalizationManagerTests.swift in Sources */,
				69E2C5062A57D75500862210 /* RequestManagerTests.swift in Sources */,
				69291CB02A62500D00873A1B /* MockedService.swift in Sources */,
				69E2C5042A57D44300862210 /* ApiManagerTests.swift in Sources */,
				6920C9122A6251B20030BCC1 /* PostListViewModelTests.swift in Sources */,
				69E2C50C2A57D9C600862210 /* MockCommentsRequest.swift in Sources */,
				69E2C5002A57D00800862210 /* UtilsTest.swift in Sources */,
				69E2C5082A57D83700862210 /* MockApiManager.swift in Sources */,
				69E2C5022A57D16F00862210 /* DataParserTests.swift in Sources */,
				69E2C50A2A57D9B500862210 /* MockPostsRequest.swift in Sources */,
			);
			runOnlyForDeploymentPostprocessing = 0;
		};
/* End PBXSourcesBuildPhase section */

/* Begin PBXTargetDependency section */
		6925DE7D2A578C78003A8739 /* PBXTargetDependency */ = {
			isa = PBXTargetDependency;
			target = 6925DE6A2A578C77003A8739 /* journey-code-test-ios */;
			targetProxy = 6925DE7C2A578C78003A8739 /* PBXContainerItemProxy */;
		};
/* End PBXTargetDependency section */

/* Begin XCBuildConfiguration section */
		6925DE8D2A578C78003A8739 /* Debug */ = {
			isa = XCBuildConfiguration;
			baseConfigurationReference = 69E2C4B82A57912100862210 /* Development.xcconfig */;
			buildSettings = {
				ALWAYS_SEARCH_USER_PATHS = NO;
				CLANG_ANALYZER_NONNULL = YES;
				CLANG_ANALYZER_NUMBER_OBJECT_CONVERSION = YES_AGGRESSIVE;
				CLANG_CXX_LANGUAGE_STANDARD = "gnu++20";
				CLANG_ENABLE_MODULES = YES;
				CLANG_ENABLE_OBJC_ARC = YES;
				CLANG_ENABLE_OBJC_WEAK = YES;
				CLANG_WARN_BLOCK_CAPTURE_AUTORELEASING = YES;
				CLANG_WARN_BOOL_CONVERSION = YES;
				CLANG_WARN_COMMA = YES;
				CLANG_WARN_CONSTANT_CONVERSION = YES;
				CLANG_WARN_DEPRECATED_OBJC_IMPLEMENTATIONS = YES;
				CLANG_WARN_DIRECT_OBJC_ISA_USAGE = YES_ERROR;
				CLANG_WARN_DOCUMENTATION_COMMENTS = YES;
				CLANG_WARN_EMPTY_BODY = YES;
				CLANG_WARN_ENUM_CONVERSION = YES;
				CLANG_WARN_INFINITE_RECURSION = YES;
				CLANG_WARN_INT_CONVERSION = YES;
				CLANG_WARN_NON_LITERAL_NULL_CONVERSION = YES;
				CLANG_WARN_OBJC_IMPLICIT_RETAIN_SELF = YES;
				CLANG_WARN_OBJC_LITERAL_CONVERSION = YES;
				CLANG_WARN_OBJC_ROOT_CLASS = YES_ERROR;
				CLANG_WARN_QUOTED_INCLUDE_IN_FRAMEWORK_HEADER = YES;
				CLANG_WARN_RANGE_LOOP_ANALYSIS = YES;
				CLANG_WARN_STRICT_PROTOTYPES = YES;
				CLANG_WARN_SUSPICIOUS_MOVE = YES;
				CLANG_WARN_UNGUARDED_AVAILABILITY = YES_AGGRESSIVE;
				CLANG_WARN_UNREACHABLE_CODE = YES;
				CLANG_WARN__DUPLICATE_METHOD_MATCH = YES;
				COPY_PHASE_STRIP = NO;
				DEBUG_INFORMATION_FORMAT = dwarf;
				ENABLE_STRICT_OBJC_MSGSEND = YES;
				ENABLE_TESTABILITY = YES;
				GCC_C_LANGUAGE_STANDARD = gnu11;
				GCC_DYNAMIC_NO_PIC = NO;
				GCC_NO_COMMON_BLOCKS = YES;
				GCC_OPTIMIZATION_LEVEL = 0;
				GCC_PREPROCESSOR_DEFINITIONS = (
					"DEBUG=1",
					"$(inherited)",
				);
				GCC_WARN_64_TO_32_BIT_CONVERSION = YES;
				GCC_WARN_ABOUT_RETURN_TYPE = YES_ERROR;
				GCC_WARN_UNDECLARED_SELECTOR = YES;
				GCC_WARN_UNINITIALIZED_AUTOS = YES_AGGRESSIVE;
				GCC_WARN_UNUSED_FUNCTION = YES;
				GCC_WARN_UNUSED_VARIABLE = YES;
				IPHONEOS_DEPLOYMENT_TARGET = 15.0;
				MTL_ENABLE_DEBUG_INFO = INCLUDE_SOURCE;
				MTL_FAST_MATH = YES;
				ONLY_ACTIVE_ARCH = YES;
				SDKROOT = iphoneos;
				SWIFT_ACTIVE_COMPILATION_CONDITIONS = DEBUG;
				SWIFT_OPTIMIZATION_LEVEL = "-Onone";
			};
			name = Debug;
		};
		6925DE8E2A578C78003A8739 /* Release */ = {
			isa = XCBuildConfiguration;
			baseConfigurationReference = 69E2C4B92A57913200862210 /* Production.xcconfig */;
			buildSettings = {
				ALWAYS_SEARCH_USER_PATHS = NO;
				CLANG_ANALYZER_NONNULL = YES;
				CLANG_ANALYZER_NUMBER_OBJECT_CONVERSION = YES_AGGRESSIVE;
				CLANG_CXX_LANGUAGE_STANDARD = "gnu++20";
				CLANG_ENABLE_MODULES = YES;
				CLANG_ENABLE_OBJC_ARC = YES;
				CLANG_ENABLE_OBJC_WEAK = YES;
				CLANG_WARN_BLOCK_CAPTURE_AUTORELEASING = YES;
				CLANG_WARN_BOOL_CONVERSION = YES;
				CLANG_WARN_COMMA = YES;
				CLANG_WARN_CONSTANT_CONVERSION = YES;
				CLANG_WARN_DEPRECATED_OBJC_IMPLEMENTATIONS = YES;
				CLANG_WARN_DIRECT_OBJC_ISA_USAGE = YES_ERROR;
				CLANG_WARN_DOCUMENTATION_COMMENTS = YES;
				CLANG_WARN_EMPTY_BODY = YES;
				CLANG_WARN_ENUM_CONVERSION = YES;
				CLANG_WARN_INFINITE_RECURSION = YES;
				CLANG_WARN_INT_CONVERSION = YES;
				CLANG_WARN_NON_LITERAL_NULL_CONVERSION = YES;
				CLANG_WARN_OBJC_IMPLICIT_RETAIN_SELF = YES;
				CLANG_WARN_OBJC_LITERAL_CONVERSION = YES;
				CLANG_WARN_OBJC_ROOT_CLASS = YES_ERROR;
				CLANG_WARN_QUOTED_INCLUDE_IN_FRAMEWORK_HEADER = YES;
				CLANG_WARN_RANGE_LOOP_ANALYSIS = YES;
				CLANG_WARN_STRICT_PROTOTYPES = YES;
				CLANG_WARN_SUSPICIOUS_MOVE = YES;
				CLANG_WARN_UNGUARDED_AVAILABILITY = YES_AGGRESSIVE;
				CLANG_WARN_UNREACHABLE_CODE = YES;
				CLANG_WARN__DUPLICATE_METHOD_MATCH = YES;
				COPY_PHASE_STRIP = NO;
				DEBUG_INFORMATION_FORMAT = "dwarf-with-dsym";
				ENABLE_NS_ASSERTIONS = NO;
				ENABLE_STRICT_OBJC_MSGSEND = YES;
				GCC_C_LANGUAGE_STANDARD = gnu11;
				GCC_NO_COMMON_BLOCKS = YES;
				GCC_WARN_64_TO_32_BIT_CONVERSION = YES;
				GCC_WARN_ABOUT_RETURN_TYPE = YES_ERROR;
				GCC_WARN_UNDECLARED_SELECTOR = YES;
				GCC_WARN_UNINITIALIZED_AUTOS = YES_AGGRESSIVE;
				GCC_WARN_UNUSED_FUNCTION = YES;
				GCC_WARN_UNUSED_VARIABLE = YES;
				IPHONEOS_DEPLOYMENT_TARGET = 15.0;
				MTL_ENABLE_DEBUG_INFO = NO;
				MTL_FAST_MATH = YES;
				SDKROOT = iphoneos;
				SWIFT_COMPILATION_MODE = wholemodule;
				SWIFT_OPTIMIZATION_LEVEL = "-O";
				VALIDATE_PRODUCT = YES;
			};
			name = Release;
		};
		6925DE902A578C78003A8739 /* Debug */ = {
			isa = XCBuildConfiguration;
			baseConfigurationReference = 69E2C4B82A57912100862210 /* Development.xcconfig */;
			buildSettings = {
				ASSETCATALOG_COMPILER_APPICON_NAME = AppIcon;
				ASSETCATALOG_COMPILER_GLOBAL_ACCENT_COLOR_NAME = AccentColor;
				CODE_SIGN_STYLE = Automatic;
				CURRENT_PROJECT_VERSION = 1;
				DEVELOPMENT_ASSET_PATHS = "\"journey-code-test-ios/Preview Content\"";
				DEVELOPMENT_TEAM = 2QG987Z4QN;
				ENABLE_PREVIEWS = YES;
				GENERATE_INFOPLIST_FILE = YES;
				INFOPLIST_FILE = "journey-code-test-ios/Info.plist";
				INFOPLIST_KEY_CFBundleDisplayName = "Journey Test";
				INFOPLIST_KEY_UIApplicationSceneManifest_Generation = YES;
				INFOPLIST_KEY_UIApplicationSupportsIndirectInputEvents = YES;
				INFOPLIST_KEY_UILaunchScreen_Generation = YES;
				INFOPLIST_KEY_UISupportedInterfaceOrientations = UIInterfaceOrientationPortrait;
				INFOPLIST_KEY_UISupportedInterfaceOrientations_iPad = "UIInterfaceOrientationLandscapeLeft UIInterfaceOrientationLandscapeRight UIInterfaceOrientationPortrait UIInterfaceOrientationPortraitUpsideDown";
				IPHONEOS_DEPLOYMENT_TARGET = 15.0;
				LD_RUNPATH_SEARCH_PATHS = (
					"$(inherited)",
					"@executable_path/Frameworks",
				);
				MARKETING_VERSION = 1.0;
				PRODUCT_BUNDLE_IDENTIFIER = "com.jaypark.journey-code-test-ios";
				PRODUCT_NAME = "$(TARGET_NAME)";
				SWIFT_EMIT_LOC_STRINGS = YES;
				SWIFT_VERSION = 5.0;
				TARGETED_DEVICE_FAMILY = "1,2";
			};
			name = Debug;
		};
		6925DE912A578C78003A8739 /* Release */ = {
			isa = XCBuildConfiguration;
			baseConfigurationReference = 69E2C4B92A57913200862210 /* Production.xcconfig */;
			buildSettings = {
				ASSETCATALOG_COMPILER_APPICON_NAME = AppIcon;
				ASSETCATALOG_COMPILER_GLOBAL_ACCENT_COLOR_NAME = AccentColor;
				CODE_SIGN_STYLE = Automatic;
				CURRENT_PROJECT_VERSION = 1;
				DEVELOPMENT_ASSET_PATHS = "\"journey-code-test-ios/Preview Content\"";
				DEVELOPMENT_TEAM = 2QG987Z4QN;
				ENABLE_PREVIEWS = YES;
				GENERATE_INFOPLIST_FILE = YES;
				INFOPLIST_FILE = "journey-code-test-ios/Info.plist";
				INFOPLIST_KEY_CFBundleDisplayName = "Journey Test";
				INFOPLIST_KEY_UIApplicationSceneManifest_Generation = YES;
				INFOPLIST_KEY_UIApplicationSupportsIndirectInputEvents = YES;
				INFOPLIST_KEY_UILaunchScreen_Generation = YES;
				INFOPLIST_KEY_UISupportedInterfaceOrientations = UIInterfaceOrientationPortrait;
				INFOPLIST_KEY_UISupportedInterfaceOrientations_iPad = "UIInterfaceOrientationLandscapeLeft UIInterfaceOrientationLandscapeRight UIInterfaceOrientationPortrait UIInterfaceOrientationPortraitUpsideDown";
				IPHONEOS_DEPLOYMENT_TARGET = 15.0;
				LD_RUNPATH_SEARCH_PATHS = (
					"$(inherited)",
					"@executable_path/Frameworks",
				);
				MARKETING_VERSION = 1.0;
				PRODUCT_BUNDLE_IDENTIFIER = "com.jaypark.journey-code-test-ios";
				PRODUCT_NAME = "$(TARGET_NAME)";
				SWIFT_EMIT_LOC_STRINGS = YES;
				SWIFT_VERSION = 5.0;
				TARGETED_DEVICE_FAMILY = "1,2";
			};
			name = Release;
		};
		6925DE932A578C78003A8739 /* Debug */ = {
			isa = XCBuildConfiguration;
			baseConfigurationReference = 69E2C4B82A57912100862210 /* Development.xcconfig */;
			buildSettings = {
				ALWAYS_EMBED_SWIFT_STANDARD_LIBRARIES = YES;
				BUNDLE_LOADER = "$(TEST_HOST)";
				CODE_SIGN_STYLE = Automatic;
				CURRENT_PROJECT_VERSION = 1;
				DEVELOPMENT_TEAM = 2QG987Z4QN;
				GENERATE_INFOPLIST_FILE = YES;
				IPHONEOS_DEPLOYMENT_TARGET = 15.0;
				MARKETING_VERSION = 1.0;
				PRODUCT_BUNDLE_IDENTIFIER = "com.jaypark.journey-code-test-iosTests";
				PRODUCT_NAME = "$(TARGET_NAME)";
				SWIFT_EMIT_LOC_STRINGS = NO;
				SWIFT_VERSION = 5.0;
				TARGETED_DEVICE_FAMILY = "1,2";
				TEST_HOST = "$(BUILT_PRODUCTS_DIR)/journey-code-test-ios.app/$(BUNDLE_EXECUTABLE_FOLDER_PATH)/journey-code-test-ios";
			};
			name = Debug;
		};
		6925DE942A578C78003A8739 /* Release */ = {
			isa = XCBuildConfiguration;
			baseConfigurationReference = 69E2C4B92A57913200862210 /* Production.xcconfig */;
			buildSettings = {
				ALWAYS_EMBED_SWIFT_STANDARD_LIBRARIES = YES;
				BUNDLE_LOADER = "$(TEST_HOST)";
				CODE_SIGN_STYLE = Automatic;
				CURRENT_PROJECT_VERSION = 1;
				DEVELOPMENT_TEAM = 2QG987Z4QN;
				GENERATE_INFOPLIST_FILE = YES;
				IPHONEOS_DEPLOYMENT_TARGET = 15.0;
				MARKETING_VERSION = 1.0;
				PRODUCT_BUNDLE_IDENTIFIER = "com.jaypark.journey-code-test-iosTests";
				PRODUCT_NAME = "$(TARGET_NAME)";
				SWIFT_EMIT_LOC_STRINGS = NO;
				SWIFT_VERSION = 5.0;
				TARGETED_DEVICE_FAMILY = "1,2";
				TEST_HOST = "$(BUILT_PRODUCTS_DIR)/journey-code-test-ios.app/$(BUNDLE_EXECUTABLE_FOLDER_PATH)/journey-code-test-ios";
			};
			name = Release;
		};
/* End XCBuildConfiguration section */

/* Begin XCConfigurationList section */
		6925DE662A578C77003A8739 /* Build configuration list for PBXProject "journey-code-test-ios" */ = {
			isa = XCConfigurationList;
			buildConfigurations = (
				6925DE8D2A578C78003A8739 /* Debug */,
				6925DE8E2A578C78003A8739 /* Release */,
			);
			defaultConfigurationIsVisible = 0;
			defaultConfigurationName = Release;
		};
		6925DE8F2A578C78003A8739 /* Build configuration list for PBXNativeTarget "journey-code-test-ios" */ = {
			isa = XCConfigurationList;
			buildConfigurations = (
				6925DE902A578C78003A8739 /* Debug */,
				6925DE912A578C78003A8739 /* Release */,
			);
			defaultConfigurationIsVisible = 0;
			defaultConfigurationName = Release;
		};
		6925DE922A578C78003A8739 /* Build configuration list for PBXNativeTarget "journey-code-test-iosTests" */ = {
			isa = XCConfigurationList;
			buildConfigurations = (
				6925DE932A578C78003A8739 /* Debug */,
				6925DE942A578C78003A8739 /* Release */,
			);
			defaultConfigurationIsVisible = 0;
			defaultConfigurationName = Release;
		};
/* End XCConfigurationList section */
	};
	rootObject = 6925DE632A578C77003A8739 /* Project object */;
}
